// !$*UTF8*$!
{
	archiveVersion = 1;
	classes = {
	};
	objectVersion = 46;
	objects = {

/* Begin PBXBuildFile section */
		875B25761AEAC112009E3C25 /* AppDelegate.swift in Sources */ = {isa = PBXBuildFile; fileRef = 875B25751AEAC112009E3C25 /* AppDelegate.swift */; };
		875B25791AEAC112009E3C25 /* AllAshore.xcdatamodeld in Sources */ = {isa = PBXBuildFile; fileRef = 875B25771AEAC112009E3C25 /* AllAshore.xcdatamodeld */; };
		875B257B1AEAC112009E3C25 /* InitialViewController.swift in Sources */ = {isa = PBXBuildFile; fileRef = 875B257A1AEAC112009E3C25 /* InitialViewController.swift */; };
		875B257E1AEAC112009E3C25 /* Main.storyboard in Resources */ = {isa = PBXBuildFile; fileRef = 875B257C1AEAC112009E3C25 /* Main.storyboard */; };
		875B25801AEAC112009E3C25 /* Images.xcassets in Resources */ = {isa = PBXBuildFile; fileRef = 875B257F1AEAC112009E3C25 /* Images.xcassets */; };
		875B25831AEAC112009E3C25 /* LaunchScreen.xib in Resources */ = {isa = PBXBuildFile; fileRef = 875B25811AEAC112009E3C25 /* LaunchScreen.xib */; };
		875B258F1AEAC112009E3C25 /* AllAshoreTests.swift in Sources */ = {isa = PBXBuildFile; fileRef = 875B258E1AEAC112009E3C25 /* AllAshoreTests.swift */; };
		875B259B1AEACCBD009E3C25 /* SimpleTableCell.swift in Sources */ = {isa = PBXBuildFile; fileRef = 875B259A1AEACCBD009E3C25 /* SimpleTableCell.swift */; };
		875B259D1AEACD55009E3C25 /* SpeciesViewController.swift in Sources */ = {isa = PBXBuildFile; fileRef = 875B259C1AEACD55009E3C25 /* SpeciesViewController.swift */; };
		875B259F1AEAF207009E3C25 /* Taxonomy.swift in Sources */ = {isa = PBXBuildFile; fileRef = 875B259E1AEAF207009E3C25 /* Taxonomy.swift */; };
		875B25A31AEB0956009E3C25 /* TypesViewController.swift in Sources */ = {isa = PBXBuildFile; fileRef = 875B25A21AEB0956009E3C25 /* TypesViewController.swift */; };
/* End PBXBuildFile section */

/* Begin PBXContainerItemProxy section */
		875B25891AEAC112009E3C25 /* PBXContainerItemProxy */ = {
			isa = PBXContainerItemProxy;
			containerPortal = 875B25681AEAC112009E3C25 /* Project object */;
			proxyType = 1;
			remoteGlobalIDString = 875B256F1AEAC112009E3C25;
			remoteInfo = AllAshore;
		};
/* End PBXContainerItemProxy section */

/* Begin PBXFileReference section */
		875B25701AEAC112009E3C25 /* AllAshore.app */ = {isa = PBXFileReference; explicitFileType = wrapper.application; includeInIndex = 0; path = AllAshore.app; sourceTree = BUILT_PRODUCTS_DIR; };
		875B25741AEAC112009E3C25 /* Info.plist */ = {isa = PBXFileReference; lastKnownFileType = text.plist.xml; path = Info.plist; sourceTree = "<group>"; };
		875B25751AEAC112009E3C25 /* AppDelegate.swift */ = {isa = PBXFileReference; lastKnownFileType = sourcecode.swift; path = AppDelegate.swift; sourceTree = "<group>"; };
		875B25781AEAC112009E3C25 /* AllAshore.xcdatamodel */ = {isa = PBXFileReference; lastKnownFileType = wrapper.xcdatamodel; path = AllAshore.xcdatamodel; sourceTree = "<group>"; };
		875B257A1AEAC112009E3C25 /* InitialViewController.swift */ = {isa = PBXFileReference; lastKnownFileType = sourcecode.swift; path = InitialViewController.swift; sourceTree = "<group>"; };
		875B257D1AEAC112009E3C25 /* Base */ = {isa = PBXFileReference; lastKnownFileType = file.storyboard; name = Base; path = Base.lproj/Main.storyboard; sourceTree = "<group>"; };
		875B257F1AEAC112009E3C25 /* Images.xcassets */ = {isa = PBXFileReference; lastKnownFileType = folder.assetcatalog; path = Images.xcassets; sourceTree = "<group>"; };
		875B25821AEAC112009E3C25 /* Base */ = {isa = PBXFileReference; lastKnownFileType = file.xib; name = Base; path = Base.lproj/LaunchScreen.xib; sourceTree = "<group>"; };
		875B25881AEAC112009E3C25 /* AllAshoreTests.xctest */ = {isa = PBXFileReference; explicitFileType = wrapper.cfbundle; includeInIndex = 0; path = AllAshoreTests.xctest; sourceTree = BUILT_PRODUCTS_DIR; };
		875B258D1AEAC112009E3C25 /* Info.plist */ = {isa = PBXFileReference; lastKnownFileType = text.plist.xml; path = Info.plist; sourceTree = "<group>"; };
		875B258E1AEAC112009E3C25 /* AllAshoreTests.swift */ = {isa = PBXFileReference; lastKnownFileType = sourcecode.swift; path = AllAshoreTests.swift; sourceTree = "<group>"; };
		875B259A1AEACCBD009E3C25 /* SimpleTableCell.swift */ = {isa = PBXFileReference; fileEncoding = 4; lastKnownFileType = sourcecode.swift; path = SimpleTableCell.swift; sourceTree = "<group>"; };
		875B259C1AEACD55009E3C25 /* SpeciesViewController.swift */ = {isa = PBXFileReference; fileEncoding = 4; lastKnownFileType = sourcecode.swift; path = SpeciesViewController.swift; sourceTree = "<group>"; };
		875B259E1AEAF207009E3C25 /* Taxonomy.swift */ = {isa = PBXFileReference; fileEncoding = 4; lastKnownFileType = sourcecode.swift; path = Taxonomy.swift; sourceTree = "<group>"; };
		875B25A21AEB0956009E3C25 /* TypesViewController.swift */ = {isa = PBXFileReference; fileEncoding = 4; lastKnownFileType = sourcecode.swift; path = TypesViewController.swift; sourceTree = "<group>"; };
/* End PBXFileReference section */

/* Begin PBXFrameworksBuildPhase section */
		875B256D1AEAC112009E3C25 /* Frameworks */ = {
			isa = PBXFrameworksBuildPhase;
			buildActionMask = 2147483647;
			files = (
			);
			runOnlyForDeploymentPostprocessing = 0;
		};
		875B25851AEAC112009E3C25 /* Frameworks */ = {
			isa = PBXFrameworksBuildPhase;
			buildActionMask = 2147483647;
			files = (
			);
			runOnlyForDeploymentPostprocessing = 0;
		};
/* End PBXFrameworksBuildPhase section */

/* Begin PBXGroup section */
		875B25671AEAC112009E3C25 = {
			isa = PBXGroup;
			children = (
				875B25721AEAC112009E3C25 /* AllAshore */,
				875B258B1AEAC112009E3C25 /* AllAshoreTests */,
				875B25711AEAC112009E3C25 /* Products */,
			);
			sourceTree = "<group>";
		};
		875B25711AEAC112009E3C25 /* Products */ = {
			isa = PBXGroup;
			children = (
				875B25701AEAC112009E3C25 /* AllAshore.app */,
				875B25881AEAC112009E3C25 /* AllAshoreTests.xctest */,
			);
			name = Products;
			sourceTree = "<group>";
		};
		875B25721AEAC112009E3C25 /* AllAshore */ = {
			isa = PBXGroup;
			children = (
				875B25A21AEB0956009E3C25 /* TypesViewController.swift */,
				875B25751AEAC112009E3C25 /* AppDelegate.swift */,
				875B259E1AEAF207009E3C25 /* Taxonomy.swift */,
				875B257A1AEAC112009E3C25 /* InitialViewController.swift */,
				875B257C1AEAC112009E3C25 /* Main.storyboard */,
				875B259A1AEACCBD009E3C25 /* SimpleTableCell.swift */,
				875B259C1AEACD55009E3C25 /* SpeciesViewController.swift */,
				875B257F1AEAC112009E3C25 /* Images.xcassets */,
				875B25811AEAC112009E3C25 /* LaunchScreen.xib */,
				875B25771AEAC112009E3C25 /* AllAshore.xcdatamodeld */,
				875B25731AEAC112009E3C25 /* Supporting Files */,
			);
			path = AllAshore;
			sourceTree = "<group>";
		};
		875B25731AEAC112009E3C25 /* Supporting Files */ = {
			isa = PBXGroup;
			children = (
				875B25741AEAC112009E3C25 /* Info.plist */,
			);
			name = "Supporting Files";
			sourceTree = "<group>";
		};
		875B258B1AEAC112009E3C25 /* AllAshoreTests */ = {
			isa = PBXGroup;
			children = (
				875B258E1AEAC112009E3C25 /* AllAshoreTests.swift */,
				875B258C1AEAC112009E3C25 /* Supporting Files */,
			);
			path = AllAshoreTests;
			sourceTree = "<group>";
		};
		875B258C1AEAC112009E3C25 /* Supporting Files */ = {
			isa = PBXGroup;
			children = (
				875B258D1AEAC112009E3C25 /* Info.plist */,
			);
			name = "Supporting Files";
			sourceTree = "<group>";
		};
/* End PBXGroup section */

/* Begin PBXNativeTarget section */
		875B256F1AEAC112009E3C25 /* AllAshore */ = {
			isa = PBXNativeTarget;
			buildConfigurationList = 875B25921AEAC112009E3C25 /* Build configuration list for PBXNativeTarget "AllAshore" */;
			buildPhases = (
				875B256C1AEAC112009E3C25 /* Sources */,
				875B256D1AEAC112009E3C25 /* Frameworks */,
				875B256E1AEAC112009E3C25 /* Resources */,
			);
			buildRules = (
			);
			dependencies = (
			);
			name = AllAshore;
			productName = AllAshore;
			productReference = 875B25701AEAC112009E3C25 /* AllAshore.app */;
			productType = "com.apple.product-type.application";
		};
		875B25871AEAC112009E3C25 /* AllAshoreTests */ = {
			isa = PBXNativeTarget;
			buildConfigurationList = 875B25951AEAC112009E3C25 /* Build configuration list for PBXNativeTarget "AllAshoreTests" */;
			buildPhases = (
				875B25841AEAC112009E3C25 /* Sources */,
				875B25851AEAC112009E3C25 /* Frameworks */,
				875B25861AEAC112009E3C25 /* Resources */,
			);
			buildRules = (
			);
			dependencies = (
				875B258A1AEAC112009E3C25 /* PBXTargetDependency */,
			);
			name = AllAshoreTests;
			productName = AllAshoreTests;
			productReference = 875B25881AEAC112009E3C25 /* AllAshoreTests.xctest */;
			productType = "com.apple.product-type.bundle.unit-test";
		};
/* End PBXNativeTarget section */

/* Begin PBXProject section */
		875B25681AEAC112009E3C25 /* Project object */ = {
			isa = PBXProject;
			attributes = {
				LastUpgradeCheck = 0630;
				ORGANIZATIONNAME = "Jeremiah Montoya";
				TargetAttributes = {
					875B256F1AEAC112009E3C25 = {
						CreatedOnToolsVersion = 6.3.1;
					};
					875B25871AEAC112009E3C25 = {
						CreatedOnToolsVersion = 6.3.1;
						TestTargetID = 875B256F1AEAC112009E3C25;
					};
				};
			};
			buildConfigurationList = 875B256B1AEAC112009E3C25 /* Build configuration list for PBXProject "AllAshore" */;
			compatibilityVersion = "Xcode 3.2";
			developmentRegion = English;
			hasScannedForEncodings = 0;
			knownRegions = (
				en,
				Base,
			);
			mainGroup = 875B25671AEAC112009E3C25;
			productRefGroup = 875B25711AEAC112009E3C25 /* Products */;
			projectDirPath = "";
			projectRoot = "";
			targets = (
				875B256F1AEAC112009E3C25 /* AllAshore */,
				875B25871AEAC112009E3C25 /* AllAshoreTests */,
			);
		};
/* End PBXProject section */

/* Begin PBXResourcesBuildPhase section */
		875B256E1AEAC112009E3C25 /* Resources */ = {
			isa = PBXResourcesBuildPhase;
			buildActionMask = 2147483647;
			files = (
				875B257E1AEAC112009E3C25 /* Main.storyboard in Resources */,
				875B25831AEAC112009E3C25 /* LaunchScreen.xib in Resources */,
				875B25801AEAC112009E3C25 /* Images.xcassets in Resources */,
			);
			runOnlyForDeploymentPostprocessing = 0;
		};
		875B25861AEAC112009E3C25 /* Resources */ = {
			isa = PBXResourcesBuildPhase;
			buildActionMask = 2147483647;
			files = (
			);
			runOnlyForDeploymentPostprocessing = 0;
		};
/* End PBXResourcesBuildPhase section */

/* Begin PBXSourcesBuildPhase section */
		875B256C1AEAC112009E3C25 /* Sources */ = {
			isa = PBXSourcesBuildPhase;
			buildActionMask = 2147483647;
			files = (
				875B25A31AEB0956009E3C25 /* TypesViewController.swift in Sources */,
				875B257B1AEAC112009E3C25 /* InitialViewController.swift in Sources */,
				875B25761AEAC112009E3C25 /* AppDelegate.swift in Sources */,
				875B259D1AEACD55009E3C25 /* SpeciesViewController.swift in Sources */,
				875B25791AEAC112009E3C25 /* AllAshore.xcdatamodeld in Sources */,
				875B259B1AEACCBD009E3C25 /* SimpleTableCell.swift in Sources */,
				875B259F1AEAF207009E3C25 /* Taxonomy.swift in Sources */,
			);
			runOnlyForDeploymentPostprocessing = 0;
		};
		875B25841AEAC112009E3C25 /* Sources */ = {
			isa = PBXSourcesBuildPhase;
			buildActionMask = 2147483647;
			files = (
				875B258F1AEAC112009E3C25 /* AllAshoreTests.swift in Sources */,
			);
			runOnlyForDeploymentPostprocessing = 0;
		};
/* End PBXSourcesBuildPhase section */

/* Begin PBXTargetDependency section */
		875B258A1AEAC112009E3C25 /* PBXTargetDependency */ = {
			isa = PBXTargetDependency;
			target = 875B256F1AEAC112009E3C25 /* AllAshore */;
			targetProxy = 875B25891AEAC112009E3C25 /* PBXContainerItemProxy */;
		};
/* End PBXTargetDependency section */

/* Begin PBXVariantGroup section */
		875B257C1AEAC112009E3C25 /* Main.storyboard */ = {
			isa = PBXVariantGroup;
			children = (
				875B257D1AEAC112009E3C25 /* Base */,
			);
			name = Main.storyboard;
			sourceTree = "<group>";
		};
		875B25811AEAC112009E3C25 /* LaunchScreen.xib */ = {
			isa = PBXVariantGroup;
			children = (
				875B25821AEAC112009E3C25 /* Base */,
			);
			name = LaunchScreen.xib;
			sourceTree = "<group>";
		};
/* End PBXVariantGroup section */

/* Begin XCBuildConfiguration section */
		875B25901AEAC112009E3C25 /* Debug */ = {
			isa = XCBuildConfiguration;
			buildSettings = {
				ALWAYS_SEARCH_USER_PATHS = NO;
				CLANG_CXX_LANGUAGE_STANDARD = "gnu++0x";
				CLANG_CXX_LIBRARY = "libc++";
				CLANG_ENABLE_MODULES = YES;
				CLANG_ENABLE_OBJC_ARC = YES;
				CLANG_WARN_BOOL_CONVERSION = YES;
				CLANG_WARN_CONSTANT_CONVERSION = YES;
				CLANG_WARN_DIRECT_OBJC_ISA_USAGE = YES_ERROR;
				CLANG_WARN_EMPTY_BODY = YES;
				CLANG_WARN_ENUM_CONVERSION = YES;
				CLANG_WARN_INT_CONVERSION = YES;
				CLANG_WARN_OBJC_ROOT_CLASS = YES_ERROR;
				CLANG_WARN_UNREACHABLE_CODE = YES;
				CLANG_WARN__DUPLICATE_METHOD_MATCH = YES;
				"CODE_SIGN_IDENTITY[sdk=iphoneos*]" = "iPhone Developer";
				COPY_PHASE_STRIP = NO;
				DEBUG_INFORMATION_FORMAT = "dwarf-with-dsym";
				ENABLE_STRICT_OBJC_MSGSEND = YES;
				GCC_C_LANGUAGE_STANDARD = gnu99;
				GCC_DYNAMIC_NO_PIC = NO;
				GCC_NO_COMMON_BLOCKS = YES;
				GCC_OPTIMIZATION_LEVEL = 0;
				GCC_PREPROCESSOR_DEFINITIONS = (
					"DEBUG=1",
					"$(inherited)",
				);
				GCC_SYMBOLS_PRIVATE_EXTERN = NO;
				GCC_WARN_64_TO_32_BIT_CONVERSION = YES;
				GCC_WARN_ABOUT_RETURN_TYPE = YES_ERROR;
				GCC_WARN_UNDECLARED_SELECTOR = YES;
				GCC_WARN_UNINITIALIZED_AUTOS = YES_AGGRESSIVE;
				GCC_WARN_UNUSED_FUNCTION = YES;
				GCC_WARN_UNUSED_VARIABLE = YES;
				IPHONEOS_DEPLOYMENT_TARGET = 8.3;
				MTL_ENABLE_DEBUG_INFO = YES;
				ONLY_ACTIVE_ARCH = YES;
				SDKROOT = iphoneos;
				SWIFT_OPTIMIZATION_LEVEL = "-Onone";
				TARGETED_DEVICE_FAMILY = "1,2";
			};
			name = Debug;
		};
		875B25911AEAC112009E3C25 /* Release */ = {
			isa = XCBuildConfiguration;
			buildSettings = {
				ALWAYS_SEARCH_USER_PATHS = NO;
				CLANG_CXX_LANGUAGE_STANDARD = "gnu++0x";
				CLANG_CXX_LIBRARY = "libc++";
				CLANG_ENABLE_MODULES = YES;
				CLANG_ENABLE_OBJC_ARC = YES;
				CLANG_WARN_BOOL_CONVERSION = YES;
				CLANG_WARN_CONSTANT_CONVERSION = YES;
				CLANG_WARN_DIRECT_OBJC_ISA_USAGE = YES_ERROR;
				CLANG_WARN_EMPTY_BODY = YES;
				CLANG_WARN_ENUM_CONVERSION = YES;
				CLANG_WARN_INT_CONVERSION = YES;
				CLANG_WARN_OBJC_ROOT_CLASS = YES_ERROR;
				CLANG_WARN_UNREACHABLE_CODE = YES;
				CLANG_WARN__DUPLICATE_METHOD_MATCH = YES;
				"CODE_SIGN_IDENTITY[sdk=iphoneos*]" = "iPhone Developer";
				COPY_PHASE_STRIP = NO;
				DEBUG_INFORMATION_FORMAT = "dwarf-with-dsym";
				ENABLE_NS_ASSERTIONS = NO;
				ENABLE_STRICT_OBJC_MSGSEND = YES;
				GCC_C_LANGUAGE_STANDARD = gnu99;
				GCC_NO_COMMON_BLOCKS = YES;
				GCC_WARN_64_TO_32_BIT_CONVERSION = YES;
				GCC_WARN_ABOUT_RETURN_TYPE = YES_ERROR;
				GCC_WARN_UNDECLARED_SELECTOR = YES;
				GCC_WARN_UNINITIALIZED_AUTOS = YES_AGGRESSIVE;
				GCC_WARN_UNUSED_FUNCTION = YES;
				GCC_WARN_UNUSED_VARIABLE = YES;
				IPHONEOS_DEPLOYMENT_TARGET = 8.3;
				MTL_ENABLE_DEBUG_INFO = NO;
				SDKROOT = iphoneos;
				TARGETED_DEVICE_FAMILY = "1,2";
				VALIDATE_PRODUCT = YES;
			};
			name = Release;
		};
		875B25931AEAC112009E3C25 /* Debug */ = {
			isa = XCBuildConfiguration;
			buildSettings = {
				ASSETCATALOG_COMPILER_APPICON_NAME = AppIcon;
				INFOPLIST_FILE = AllAshore/Info.plist;
				LD_RUNPATH_SEARCH_PATHS = "$(inherited) @executable_path/Frameworks";
				PRODUCT_NAME = "$(TARGET_NAME)";
			};
			name = Debug;
		};
		875B25941AEAC112009E3C25 /* Release */ = {
			isa = XCBuildConfiguration;
			buildSettings = {
				ASSETCATALOG_COMPILER_APPICON_NAME = AppIcon;
				INFOPLIST_FILE = AllAshore/Info.plist;
				LD_RUNPATH_SEARCH_PATHS = "$(inherited) @executable_path/Frameworks";
				PRODUCT_NAME = "$(TARGET_NAME)";
			};
			name = Release;
		};
		875B25961AEAC112009E3C25 /* Debug */ = {
			isa = XCBuildConfiguration;
			buildSettings = {
				BUNDLE_LOADER = "$(TEST_HOST)";
				FRAMEWORK_SEARCH_PATHS = (
					"$(SDKROOT)/Developer/Library/Frameworks",
					"$(inherited)",
				);
				GCC_PREPROCESSOR_DEFINITIONS = (
					"DEBUG=1",
					"$(inherited)",
				);
				INFOPLIST_FILE = AllAshoreTests/Info.plist;
				LD_RUNPATH_SEARCH_PATHS = "$(inherited) @executable_path/Frameworks @loader_path/Frameworks";
				PRODUCT_NAME = "$(TARGET_NAME)";
				TEST_HOST = "$(BUILT_PRODUCTS_DIR)/AllAshore.app/AllAshore";
			};
			name = Debug;
		};
		875B25971AEAC112009E3C25 /* Release */ = {
			isa = XCBuildConfiguration;
			buildSettings = {
				BUNDLE_LOADER = "$(TEST_HOST)";
				FRAMEWORK_SEARCH_PATHS = (
					"$(SDKROOT)/Developer/Library/Frameworks",
					"$(inherited)",
				);
				INFOPLIST_FILE = AllAshoreTests/Info.plist;
				LD_RUNPATH_SEARCH_PATHS = "$(inherited) @executable_path/Frameworks @loader_path/Frameworks";
				PRODUCT_NAME = "$(TARGET_NAME)";
				TEST_HOST = "$(BUILT_PRODUCTS_DIR)/AllAshore.app/AllAshore";
			};
			name = Release;
		};
/* End XCBuildConfiguration section */

/* Begin XCConfigurationList section */
		875B256B1AEAC112009E3C25 /* Build configuration list for PBXProject "AllAshore" */ = {
			isa = XCConfigurationList;
			buildConfigurations = (
				875B25901AEAC112009E3C25 /* Debug */,
				875B25911AEAC112009E3C25 /* Release */,
			);
			defaultConfigurationIsVisible = 0;
			defaultConfigurationName = Release;
		};
		875B25921AEAC112009E3C25 /* Build configuration list for PBXNativeTarget "AllAshore" */ = {
			isa = XCConfigurationList;
			buildConfigurations = (
				875B25931AEAC112009E3C25 /* Debug */,
				875B25941AEAC112009E3C25 /* Release */,
			);
			defaultConfigurationIsVisible = 0;
		};
		875B25951AEAC112009E3C25 /* Build configuration list for PBXNativeTarget "AllAshoreTests" */ = {
			isa = XCConfigurationList;
			buildConfigurations = (
				875B25961AEAC112009E3C25 /* Debug */,
				875B25971AEAC112009E3C25 /* Release */,
			);
			defaultConfigurationIsVisible = 0;
		};
/* End XCConfigurationList section */

/* Begin XCVersionGroup section */
		875B25771AEAC112009E3C25 /* AllAshore.xcdatamodeld */ = {
			isa = XCVersionGroup;
			children = (
				875B25781AEAC112009E3C25 /* AllAshore.xcdatamodel */,
			);
			currentVersion = 875B25781AEAC112009E3C25 /* AllAshore.xcdatamodel */;
			path = AllAshore.xcdatamodeld;
			sourceTree = "<group>";
			versionGroupType = wrapper.xcdatamodel;
		};
/* End XCVersionGroup section */
	};
	rootObject = 875B25681AEAC112009E3C25 /* Project object */;
}
